
Microsoft Visual Studio Solution File, Format Version 12.00
# Visual Studio Version 16
VisualStudioVersion = 16.0.30621.155
MinimumVisualStudioVersion = 10.0.40219.1
Project("{9A19103F-16F7-4668-BE54-9A1E7A4F7556}") = "GetAccredited", "GetAccredited\GetAccredited.csproj", "{E3231C63-2B3E-40C6-AE05-F6D9BA46EF9C}"
EndProject
Global
	GlobalSection(SolutionConfigurationPlatforms) = preSolution
		Debug|Any CPU = Debug|Any CPU
		Release|Any CPU = Release|Any CPU
	EndGlobalSection
	GlobalSection(ProjectConfigurationPlatforms) = postSolution
		{E3231C63-2B3E-40C6-AE05-F6D9BA46EF9C}.Debug|Any CPU.ActiveCfg = Debug|Any CPU
		{E3231C63-2B3E-40C6-AE05-F6D9BA46EF9C}.Debug|Any CPU.Build.0 = Debug|Any CPU
		{E3231C63-2B3E-40C6-AE05-F6D9BA46EF9C}.Release|Any CPU.ActiveCfg = Release|Any CPU
		{E3231C63-2B3E-40C6-AE05-F6D9BA46EF9C}.Release|Any CPU.Build.0 = Release|Any CPU
	EndGlobalSection
	GlobalSection(SolutionProperties) = preSolution
		HideSolutionNode = FALSE
	EndGlobalSection
	GlobalSection(ExtensibilityGlobals) = postSolution
		SolutionGuid = {75B423BE-AB90-4442-B8D3-8FD15D9B84C8}
	EndGlobalSection
EndGlobal
